# THIS IS AN AUTOGENERATED FILE. DO NOT EDIT THIS FILE DIRECTLY.
# yarn lockfile v1


amdefine@^0.1.0:
  version "0.1.1"
  resolved "https://registry.yarnpkg.com/amdefine/-/amdefine-0.1.1.tgz#b5c75c532052dccd6a39c0064c772c8d57a06cd2"
  integrity sha1-tcdcUyBS3M1qOcAGTHcsjVegbNI=

async@~1.3.0:
  version "1.3.0"
  resolved "https://registry.yarnpkg.com/async/-/async-1.3.0.tgz#a6f1631e8a595a663496d0a5586bd12007d4871d"
  integrity sha1-pvFjHopZWmY0ltClWGvRIAfUhx0=

dejavu@~0.4.8:
  version "0.4.8"
  resolved "https://registry.yarnpkg.com/dejavu/-/dejavu-0.4.8.tgz#83b84dcffa824be554308c5205cc34d94b91973b"
  integrity sha1-g7hNz/qCS+VUMIxSBcw02UuRlzs=
  dependencies:
    amdefine "^0.1.0"
    mout "^0.9.1"

keepass.io@^1.1.4:
  version "1.1.4"
  resolved "https://registry.yarnpkg.com/keepass.io/-/keepass.io-1.1.4.tgz#3c5a9ab88bc01ee62b094be76303232811bb5bde"
  integrity sha1-PFqauIvAHuYrCUvnYwMjKBG7W94=
  dependencies:
    async "~1.3.0"
    dejavu "~0.4.8"
    nan "~1.8.4"
    xml2js "~0.4.9"

mout@^0.9.1:
  version "0.9.1"
  resolved "https://registry.yarnpkg.com/mout/-/mout-0.9.1.tgz#84f0f3fd6acc7317f63de2affdcc0cee009b0477"
  integrity sha1-hPDz/WrMcxf2PeKv/cwM7gCbBHc=

mute-stream@^0.0.8:
  version "0.0.8"
  resolved "https://registry.yarnpkg.com/mute-stream/-/mute-stream-0.0.8.tgz#1630c42b2251ff81e2a283de96a5497ea92e5e0d"
  integrity sha512-nnbWWOkoWyUsTjKrhgD0dcz22mdkSnpYqbEjIm2nhwhuxlSkpywJmBo8h0ZqJdkp73mb90SssHkN4rsRaBAfAA==

nan@~1.8.4:
  version "1.8.4"
  resolved "https://registry.yarnpkg.com/nan/-/nan-1.8.4.tgz#3c76b5382eab33e44b758d2813ca9d92e9342f34"
  integrity sha1-PHa1OC6rM+RLdY0oE8qdkuk0LzQ=

sax@>=0.6.0:
  version "1.2.4"
  resolved "https://registry.yarnpkg.com/sax/-/sax-1.2.4.tgz#2816234e2378bddc4e5354fab5caa895df7100d9"
  integrity sha512-NqVDv9TpANUjFm0N8uM5GxL36UgKi9/atZw+x7YFnQ8ckwFGKrl4xX4yWtrey3UJm5nP1kUbnYgLopqWNSRhWw==

xml2js@~0.4.9:
  version "0.4.23"
  resolved "https://registry.yarnpkg.com/xml2js/-/xml2js-0.4.23.tgz#a0c69516752421eb2ac758ee4d4ccf58843eac66"
  integrity sha512-ySPiMjM0+pLDftHgXY4By0uswI3SPKLDw/i3UXbnO8M/p28zqexCUoPmQFrYD+/1BzhGJSs2i1ERWKJAtiLrug==
  dependencies:
    sax ">=0.6.0"
    xmlbuilder "~11.0.0"

xmlbuilder@~11.0.0:
  version "11.0.1"
  resolved "https://registry.yarnpkg.com/xmlbuilder/-/xmlbuilder-11.0.1.tgz#be9bae1c8a046e76b31127726347d0ad7002beb3"
  integrity sha512-fDlsI/kFEx7gLvbecc0/ohLG50fugQp8ryHzMTuW9vSa1GJ0XYWKnhsUx7oie3G98+r56aTQIUB4kht42R3JvA==
